{
  "version": "4",
  "specifiers": {
    "jsr:@std/assert@1": "1.0.8",
    "jsr:@std/internal@^1.0.5": "1.0.5",
    "npm:cookie@1.0.2": "1.0.2",
    "npm:mime@*": "4.0.6",
    "npm:mime@^4.0.6": "4.0.6",
    "npm:ms@*": "2.1.3",
    "npm:ms@^2.1.3": "2.1.3"
  },
  "jsr": {
    "@std/assert@1.0.8": {
      "integrity": "ebe0bd7eb488ee39686f77003992f389a06c3da1bbd8022184804852b2fa641b",
      "dependencies": [
        "jsr:@std/internal"
      ]
    },
    "@std/internal@1.0.5": {
      "integrity": "54a546004f769c1ac9e025abd15a76b6671ddc9687e2313b67376125650dc7ba"
    }
  },
  "npm": {
    "cookie@1.0.2": {
      "integrity": "sha512-9Kr/j4O16ISv8zBBhJoi4bXOYNTkFLOqSL3UDB0njXxCXNezjeyVrJyGOWtgfs/q2km1gwBcfH8q1yEGoMYunA=="
    },
    "mime@4.0.6": {
      "integrity": "sha512-4rGt7rvQHBbaSOF9POGkk1ocRP16Md1x36Xma8sz8h8/vfCUI2OtEIeCqe4Ofes853x4xDoPiFLIT47J5fI/7A=="
    },
    "ms@2.1.3": {
      "integrity": "sha512-6FlzubTLZG3J2a/NVCAleEhjzq5oxgHyaCU9yYXvcLsvoVaHJq/s5xXI6/XXP6tz7R9xAOtHnSO/tXtF3WRTlA=="
    }
  },
  "redirects": {
    "https://deno.land/x/deno_qs/mod.ts": "https://deno.land/x/deno_qs@0.0.3/mod.ts"
  },
  "remote": {
    "https://deno.land/x/deno_qs@0.0.3/mod.ts": "013057246eb61a67e75570bb2071da984de0ddbb7885ce1a20f5cc9ac64fac48",
    "https://esm.sh/qs@6.11.2": "3a8d69ea40d89086d6ee02f0241b10c8676438200eeae544f772baf4e1591444",
    "https://esm.sh/v135/call-bind@1.0.5/denonext/callBound.js": "bc9a8f2928b32f3e6a3f7f55c557e68bf05683b297fe6146eaee7a197dcdeb62",
    "https://esm.sh/v135/call-bind@1.0.7/denonext/callBound.js": "3e0575cd491d34731ef9108055f24799268c33bbdf1a9d1d26587bc2a6c147e8",
    "https://esm.sh/v135/define-data-property@1.1.1/denonext/define-data-property.mjs": "75d78b08cc438962589822efb5946e3b8246bf9d95bedb043092f9a794876f3d",
    "https://esm.sh/v135/define-data-property@1.1.4/denonext/define-data-property.mjs": "20699e70d1f67cb011abe61dbae74a5875b9218b89e284331c2baf42d5a61469",
    "https://esm.sh/v135/es-define-property@1.0.0/denonext/es-define-property.mjs": "cb45651eabe72733c38c2a1d95027a9a46c595d632e6dabaa58ece776a89e254",
    "https://esm.sh/v135/es-errors@1.3.0/denonext/es-errors.mjs": "bfce674e18d7942b768827eabfbb92c410e3e3e95f4f2d369e05af3da73283fd",
    "https://esm.sh/v135/es-errors@1.3.0/denonext/eval.js": "fe7214a04ef6aa4fef2a0edbc741ba6b5d2c49b280bbf0307cb6c6d92799b5e4",
    "https://esm.sh/v135/es-errors@1.3.0/denonext/range.js": "56b14e69ab1369337ff55eff40185def87201081df0c31795a724a14cbb311e9",
    "https://esm.sh/v135/es-errors@1.3.0/denonext/ref.js": "8de37456e795149497269b5bb68c468d87112abf2ec6aa73bfc4898173140ffb",
    "https://esm.sh/v135/es-errors@1.3.0/denonext/syntax.js": "543c4645954c0b1ee8eb956d503590785d068434d0cd6015e6dc67770e72ddd3",
    "https://esm.sh/v135/es-errors@1.3.0/denonext/type.js": "f829c56f7c8c9c25f8d3abb9a8b6f7c841e937ba4b90a0c5fc08799f3cdb003e",
    "https://esm.sh/v135/es-errors@1.3.0/denonext/uri.js": "be84c4fafe42b18e3cf3b508af9511593679f5d0eddddbfd3a83062832f772cb",
    "https://esm.sh/v135/function-bind@1.1.2/denonext/function-bind.mjs": "ba026f8203d5631c23f48de9829c300fea74e2c9b333d06e4f220ae774557ad1",
    "https://esm.sh/v135/get-intrinsic@1.2.2/denonext/get-intrinsic.mjs": "f9ed58df1bb1201efc1ab14f7da5ebe5a000b220c6de9430a594d088909742d2",
    "https://esm.sh/v135/get-intrinsic@1.2.4/denonext/get-intrinsic.mjs": "19ac2d9462c84374f15dabd54b3842bbde9b9bb6c33397460a519e5935da755b",
    "https://esm.sh/v135/gopd@1.0.1/denonext/gopd.mjs": "9f8a99c477f272b7e75f0c1f55e43ebb57b121245f403769eb853589a8e31b49",
    "https://esm.sh/v135/has-property-descriptors@1.0.1/denonext/has-property-descriptors.mjs": "337d42b1af52a1b68ced55841674d47c33e26da3843119e98a8ae5971aaf194f",
    "https://esm.sh/v135/has-property-descriptors@1.0.2/denonext/has-property-descriptors.mjs": "444f1d102c69ba56fd9494eda0c6a0c2c0812620e93690f790c04f1b941f7571",
    "https://esm.sh/v135/has-proto@1.0.1/denonext/has-proto.mjs": "443f9773e464b39534dbecaee040e5de8384e8efaeea7a6d3e333df4069d1f85",
    "https://esm.sh/v135/has-symbols@1.0.3/denonext/has-symbols.mjs": "452727b5dbec94d538c5e8e062ed82bee701c3b752eb21e6189978e92292b7c6",
    "https://esm.sh/v135/hasown@2.0.0/denonext/hasown.mjs": "ba954305c23d6c4059f02f6b244bdbf45349e1228e3570ea3dc096d418b9f2f8",
    "https://esm.sh/v135/hasown@2.0.1/denonext/hasown.mjs": "927e98b45074be199842a8ae0c13a9fd44ae7ba7f410bf08787ef8ed2ffe9d73",
    "https://esm.sh/v135/object-inspect@1.13.1/denonext/object-inspect.mjs": "5792b0c8afecacc836f58bae74de5ae3cc14c42db9ad40689308a051fb2b432b",
    "https://esm.sh/v135/qs@6.11.2/denonext/qs.mjs": "1cb7959855c0a8d2d03f6224b725ee43775a0c32b18a3f457fb102808c53ad2e",
    "https://esm.sh/v135/set-function-length@1.1.1/denonext/set-function-length.mjs": "f4f9b843c715b07a2f4bd81c31bd7bc766a2de6391fe4467cfa46212ca61e695",
    "https://esm.sh/v135/set-function-length@1.2.1/denonext/set-function-length.mjs": "1af2f38f3851e0d1a0d48bfaa96659e405dfe9229bc44ea3b39a147924fd0e5f",
    "https://esm.sh/v135/side-channel@1.0.4/denonext/side-channel.mjs": "ef542973ad0f7a84fd76f5d5613e08693ad52ba930a2cf422da75a70afcd2f81",
    "https://esm.sh/v135/side-channel@1.0.6/denonext/side-channel.mjs": "d8ff892d5cc335bc1aef123e69a51f5fb39961a6e34940eacd0f0b224c9bde59"
  },
  "workspace": {
    "dependencies": [
      "jsr:@std/assert@1",
      "npm:mime@^4.0.6",
      "npm:ms@^2.1.3"
    ]
  }
}
